
Microsoft Visual Studio Solution File, Format Version 12.00
# Visual Studio Version 16
VisualStudioVersion = 16.0.31205.134
MinimumVisualStudioVersion = 10.0.40219.1
Project("{FAE04EC0-301F-11D3-BF4B-00C04F79EFBC}") = "APP_series", "APP_series\APP_series.csproj", "{E0496723-97B3-4DA3-AF8F-8A1EC6BD8EF7}"
EndProject
Global
	GlobalSection(SolutionConfigurationPlatforms) = preSolution
		Debug|Any CPU = Debug|Any CPU
		Release|Any CPU = Release|Any CPU
	EndGlobalSection
	GlobalSection(ProjectConfigurationPlatforms) = postSolution
		{E0496723-97B3-4DA3-AF8F-8A1EC6BD8EF7}.Debug|Any CPU.ActiveCfg = Debug|Any CPU
		{E0496723-97B3-4DA3-AF8F-8A1EC6BD8EF7}.Debug|Any CPU.Build.0 = Debug|Any CPU
		{E0496723-97B3-4DA3-AF8F-8A1EC6BD8EF7}.Release|Any CPU.ActiveCfg = Release|Any CPU
		{E0496723-97B3-4DA3-AF8F-8A1EC6BD8EF7}.Release|Any CPU.Build.0 = Release|Any CPU
	EndGlobalSection
	GlobalSection(SolutionProperties) = preSolution
		HideSolutionNode = FALSE
	EndGlobalSection
	GlobalSection(ExtensibilityGlobals) = postSolution
		SolutionGuid = {53CADBC3-A766-4BCF-A6F0-BC009FD234C8}
	EndGlobalSection
EndGlobal
